
Microsoft Visual Studio Solution File, Format Version 12.00
# Visual Studio Version 17
VisualStudioVersion = 17.5.33424.131
MinimumVisualStudioVersion = 10.0.40219.1
Project("{FAE04EC0-301F-11D3-BF4B-00C04F79EFBC}") = "eTickets", "eTickets\eTickets.csproj", "{270AD69B-3DB5-4C47-955B-99DEF0659A39}"
EndProject
Global
	GlobalSection(SolutionConfigurationPlatforms) = preSolution
		Debug|Any CPU = Debug|Any CPU
		Release|Any CPU = Release|Any CPU
	EndGlobalSection
	GlobalSection(ProjectConfigurationPlatforms) = postSolution
		{270AD69B-3DB5-4C47-955B-99DEF0659A39}.Debug|Any CPU.ActiveCfg = Debug|Any CPU
		{270AD69B-3DB5-4C47-955B-99DEF0659A39}.Debug|Any CPU.Build.0 = Debug|Any CPU
		{270AD69B-3DB5-4C47-955B-99DEF0659A39}.Release|Any CPU.ActiveCfg = Release|Any CPU
		{270AD69B-3DB5-4C47-955B-99DEF0659A39}.Release|Any CPU.Build.0 = Release|Any CPU
	EndGlobalSection
	GlobalSection(SolutionProperties) = preSolution
		HideSolutionNode = FALSE
	EndGlobalSection
	GlobalSection(ExtensibilityGlobals) = postSolution
		SolutionGuid = {FD96A38A-FC1F-43FB-B382-3363FBD59C64}
	EndGlobalSection
EndGlobal
